
Microsoft Visual Studio Solution File, Format Version 12.00
# Visual Studio Version 17
VisualStudioVersion = 17.10.35013.160
MinimumVisualStudioVersion = 10.0.40219.1
Project("{FAE04EC0-301F-11D3-BF4B-00C04F79EFBC}") = "WebAPI", "WebAPI\WebAPI.csproj", "{3593829D-0319-4520-9817-84850041F67B}"
EndProject
Project("{FAE04EC0-301F-11D3-BF4B-00C04F79EFBC}") = "Entities", "Entities\Entities.csproj", "{98C6FE50-7622-4AD9-B37B-DA9E4B00AA8C}"
EndProject
Project("{FAE04EC0-301F-11D3-BF4B-00C04F79EFBC}") = "DataAccess", "DataAccess\DataAccess.csproj", "{C8D12800-BEE7-4F14-853F-808E1560568D}"
EndProject
Project("{FAE04EC0-301F-11D3-BF4B-00C04F79EFBC}") = "Business", "Business\Business.csproj", "{8877DD54-623B-4C7D-A44B-7C13796A75F4}"
EndProject
Project("{FAE04EC0-301F-11D3-BF4B-00C04F79EFBC}") = "Core", "Core\Core.csproj", "{BC3A2E84-A5F7-4210-BBAD-DAC67D32B47A}"
EndProject
Global
	GlobalSection(SolutionConfigurationPlatforms) = preSolution
		Debug|Any CPU = Debug|Any CPU
		Release|Any CPU = Release|Any CPU
	EndGlobalSection
	GlobalSection(ProjectConfigurationPlatforms) = postSolution
		{3593829D-0319-4520-9817-84850041F67B}.Debug|Any CPU.ActiveCfg = Debug|Any CPU
		{3593829D-0319-4520-9817-84850041F67B}.Debug|Any CPU.Build.0 = Debug|Any CPU
		{3593829D-0319-4520-9817-84850041F67B}.Release|Any CPU.ActiveCfg = Release|Any CPU
		{3593829D-0319-4520-9817-84850041F67B}.Release|Any CPU.Build.0 = Release|Any CPU
		{98C6FE50-7622-4AD9-B37B-DA9E4B00AA8C}.Debug|Any CPU.ActiveCfg = Debug|Any CPU
		{98C6FE50-7622-4AD9-B37B-DA9E4B00AA8C}.Debug|Any CPU.Build.0 = Debug|Any CPU
		{98C6FE50-7622-4AD9-B37B-DA9E4B00AA8C}.Release|Any CPU.ActiveCfg = Release|Any CPU
		{98C6FE50-7622-4AD9-B37B-DA9E4B00AA8C}.Release|Any CPU.Build.0 = Release|Any CPU
		{C8D12800-BEE7-4F14-853F-808E1560568D}.Debug|Any CPU.ActiveCfg = Debug|Any CPU
		{C8D12800-BEE7-4F14-853F-808E1560568D}.Debug|Any CPU.Build.0 = Debug|Any CPU
		{C8D12800-BEE7-4F14-853F-808E1560568D}.Release|Any CPU.ActiveCfg = Release|Any CPU
		{C8D12800-BEE7-4F14-853F-808E1560568D}.Release|Any CPU.Build.0 = Release|Any CPU
		{8877DD54-623B-4C7D-A44B-7C13796A75F4}.Debug|Any CPU.ActiveCfg = Debug|Any CPU
		{8877DD54-623B-4C7D-A44B-7C13796A75F4}.Debug|Any CPU.Build.0 = Debug|Any CPU
		{8877DD54-623B-4C7D-A44B-7C13796A75F4}.Release|Any CPU.ActiveCfg = Release|Any CPU
		{8877DD54-623B-4C7D-A44B-7C13796A75F4}.Release|Any CPU.Build.0 = Release|Any CPU
		{BC3A2E84-A5F7-4210-BBAD-DAC67D32B47A}.Debug|Any CPU.ActiveCfg = Debug|Any CPU
		{BC3A2E84-A5F7-4210-BBAD-DAC67D32B47A}.Debug|Any CPU.Build.0 = Debug|Any CPU
		{BC3A2E84-A5F7-4210-BBAD-DAC67D32B47A}.Release|Any CPU.ActiveCfg = Release|Any CPU
		{BC3A2E84-A5F7-4210-BBAD-DAC67D32B47A}.Release|Any CPU.Build.0 = Release|Any CPU
	EndGlobalSection
	GlobalSection(SolutionProperties) = preSolution
		HideSolutionNode = FALSE
	EndGlobalSection
	GlobalSection(ExtensibilityGlobals) = postSolution
		SolutionGuid = {8FD744BA-681E-4D7A-B15B-FD3B9EF6DD54}
	EndGlobalSection
EndGlobal
